
Microsoft Visual Studio Solution File, Format Version 12.00
# Visual Studio Version 17
VisualStudioVersion = 17.14.36603.0 d17.14
MinimumVisualStudioVersion = 10.0.40219.1
Project("{FAE04EC0-301F-11D3-BF4B-00C04F79EFBC}") = "PizzaShopManagementSystem", "PizzaShopManagementSystem\PizzaShopManagementSystem.csproj", "{3D9C9AC9-BD42-4F5A-A591-C6F888407A22}"
EndProject
Global
	GlobalSection(SolutionConfigurationPlatforms) = preSolution
		Debug|Any CPU = Debug|Any CPU
		Release|Any CPU = Release|Any CPU
	EndGlobalSection
	GlobalSection(ProjectConfigurationPlatforms) = postSolution
		{3D9C9AC9-BD42-4F5A-A591-C6F888407A22}.Debug|Any CPU.ActiveCfg = Debug|Any CPU
		{3D9C9AC9-BD42-4F5A-A591-C6F888407A22}.Debug|Any CPU.Build.0 = Debug|Any CPU
		{3D9C9AC9-BD42-4F5A-A591-C6F888407A22}.Release|Any CPU.ActiveCfg = Release|Any CPU
		{3D9C9AC9-BD42-4F5A-A591-C6F888407A22}.Release|Any CPU.Build.0 = Release|Any CPU
	EndGlobalSection
	GlobalSection(SolutionProperties) = preSolution
		HideSolutionNode = FALSE
	EndGlobalSection
	GlobalSection(ExtensibilityGlobals) = postSolution
		SolutionGuid = {4DE8DCD8-8FA2-428C-BF5F-E1CF520705B7}
	EndGlobalSection
EndGlobal
